
Microsoft Visual Studio Solution File, Format Version 12.00
# Visual Studio 15
VisualStudioVersion = 15.0.28307.757
MinimumVisualStudioVersion = 10.0.40219.1
Project("{FAE04EC0-301F-11D3-BF4B-00C04F79EFBC}") = "Restaurant", "Restaurant\Restaurant.csproj", "{6FB14F1F-1FF5-4CFC-9B71-3B811C8627B9}"
EndProject
Global
	GlobalSection(SolutionConfigurationPlatforms) = preSolution
		Debug|Any CPU = Debug|Any CPU
		Release|Any CPU = Release|Any CPU
	EndGlobalSection
	GlobalSection(ProjectConfigurationPlatforms) = postSolution
		{6FB14F1F-1FF5-4CFC-9B71-3B811C8627B9}.Debug|Any CPU.ActiveCfg = Debug|Any CPU
		{6FB14F1F-1FF5-4CFC-9B71-3B811C8627B9}.Debug|Any CPU.Build.0 = Debug|Any CPU
		{6FB14F1F-1FF5-4CFC-9B71-3B811C8627B9}.Release|Any CPU.ActiveCfg = Release|Any CPU
		{6FB14F1F-1FF5-4CFC-9B71-3B811C8627B9}.Release|Any CPU.Build.0 = Release|Any CPU
	EndGlobalSection
	GlobalSection(SolutionProperties) = preSolution
		HideSolutionNode = FALSE
	EndGlobalSection
	GlobalSection(ExtensibilityGlobals) = postSolution
		SolutionGuid = {1F077672-21B8-4358-BF0C-2B9E06CE4A69}
	EndGlobalSection
EndGlobal
